
Microsoft Visual Studio Solution File, Format Version 12.00
# Visual Studio Version 17
VisualStudioVersion = 17.10.35122.118
MinimumVisualStudioVersion = 10.0.40219.1
Project("{9A19103F-16F7-4668-BE54-9A1E7A4F7556}") = "UltimateBlazorWasmTokenAuth", "UltimateBlazorWasmTokenAuth\UltimateBlazorWasmTokenAuth.csproj", "{362F8A1E-6412-4EF2-BC74-16188D2B73CD}"
EndProject
Global
	GlobalSection(SolutionConfigurationPlatforms) = preSolution
		Debug|Any CPU = Debug|Any CPU
		Release|Any CPU = Release|Any CPU
	EndGlobalSection
	GlobalSection(ProjectConfigurationPlatforms) = postSolution
		{362F8A1E-6412-4EF2-BC74-16188D2B73CD}.Debug|Any CPU.ActiveCfg = Debug|Any CPU
		{362F8A1E-6412-4EF2-BC74-16188D2B73CD}.Debug|Any CPU.Build.0 = Debug|Any CPU
		{362F8A1E-6412-4EF2-BC74-16188D2B73CD}.Release|Any CPU.ActiveCfg = Release|Any CPU
		{362F8A1E-6412-4EF2-BC74-16188D2B73CD}.Release|Any CPU.Build.0 = Release|Any CPU
	EndGlobalSection
	GlobalSection(SolutionProperties) = preSolution
		HideSolutionNode = FALSE
	EndGlobalSection
	GlobalSection(ExtensibilityGlobals) = postSolution
		SolutionGuid = {CC6E0B2D-F48C-4789-BE71-0541F15657FB}
	EndGlobalSection
EndGlobal
